
Microsoft Visual Studio Solution File, Format Version 12.00
# Visual Studio 15
VisualStudioVersion = 15.0.28307.902
MinimumVisualStudioVersion = 10.0.40219.1
Project("{FAE04EC0-301F-11D3-BF4B-00C04F79EFBC}") = "LRC_Algoritması", "LRC_Algoritması\LRC_Algoritması.csproj", "{94151A76-66DD-42E1-84EE-415654D829F2}"
EndProject
Global
	GlobalSection(SolutionConfigurationPlatforms) = preSolution
		Debug|Any CPU = Debug|Any CPU
		Release|Any CPU = Release|Any CPU
	EndGlobalSection
	GlobalSection(ProjectConfigurationPlatforms) = postSolution
		{94151A76-66DD-42E1-84EE-415654D829F2}.Debug|Any CPU.ActiveCfg = Debug|Any CPU
		{94151A76-66DD-42E1-84EE-415654D829F2}.Debug|Any CPU.Build.0 = Debug|Any CPU
		{94151A76-66DD-42E1-84EE-415654D829F2}.Release|Any CPU.ActiveCfg = Release|Any CPU
		{94151A76-66DD-42E1-84EE-415654D829F2}.Release|Any CPU.Build.0 = Release|Any CPU
	EndGlobalSection
	GlobalSection(SolutionProperties) = preSolution
		HideSolutionNode = FALSE
	EndGlobalSection
	GlobalSection(ExtensibilityGlobals) = postSolution
		SolutionGuid = {3CFC2DC1-D4F9-438A-9F06-C686D1A043BB}
	EndGlobalSection
EndGlobal
